{"filter":false,"title":"package-lock.json","tooltip":"/package-lock.json","undoManager":{"mark":-1,"position":-1,"stack":[]},"ace":{"folds":[],"scrolltop":0,"scrollleft":0,"selection":{"start":{"row":23,"column":41},"end":{"row":23,"column":41},"isBackwards":false},"options":{"guessTabSize":true,"useWrapMode":false,"wrapToView":true},"firstLineState":{"row":15,"state":"start","mode":"ace/mode/json"}},"timestamp":1585314609300,"hash":"7d60bc5c0a99a64c1e4ad6d7c42629a8dba94ba1"}